Microsoft Visual Studio Solution File, Format Version 11.00
# Visual Studio 2008

Project("{0673EA00-1734-A465-280E-38851BFFC123}") = "Unitygamedev", "Assembly-CSharp.csproj", "{6209D9D3-0CE1-32ED-B6A0-0D2907D240DE}"
EndProject
Global
	GlobalSection(SolutionConfigurationPlatforms) = preSolution
		Debug|Any CPU = Debug|Any CPU
		Release|Any CPU = Release|Any CPU
	EndGlobalSection
	GlobalSection(ProjectConfigurationPlatforms) = postSolution
		{6209D9D3-0CE1-32ED-B6A0-0D2907D240DE}.Debug|Any CPU.ActiveCfg = Debug|Any CPU
		{6209D9D3-0CE1-32ED-B6A0-0D2907D240DE}.Debug|Any CPU.Build.0 = Debug|Any CPU
		{6209D9D3-0CE1-32ED-B6A0-0D2907D240DE}.Release|Any CPU.ActiveCfg = Release|Any CPU
		{6209D9D3-0CE1-32ED-B6A0-0D2907D240DE}.Release|Any CPU.Build.0 = Release|Any CPU
	EndGlobalSection
	GlobalSection(SolutionProperties) = preSolution
		HideSolutionNode = FALSE
	EndGlobalSection
	GlobalSection(MonoDevelopProperties) = preSolution
		StartupItem = Assembly-CSharp.csproj
	EndGlobalSection
EndGlobal
